
Microsoft Visual Studio Solution File, Format Version 12.00
Project("{F2A71F9B-5D33-465A-A702-920D77279786}") = "Assignment3", "Assignment3\Assignment3.fsproj", "{4F2F47F7-CA40-44E0-8BA7-7373FC169452}"
EndProject
Global
	GlobalSection(SolutionConfigurationPlatforms) = preSolution
		Debug|Any CPU = Debug|Any CPU
		Release|Any CPU = Release|Any CPU
	EndGlobalSection
	GlobalSection(ProjectConfigurationPlatforms) = postSolution
		{4F2F47F7-CA40-44E0-8BA7-7373FC169452}.Debug|Any CPU.ActiveCfg = Debug|Any CPU
		{4F2F47F7-CA40-44E0-8BA7-7373FC169452}.Debug|Any CPU.Build.0 = Debug|Any CPU
		{4F2F47F7-CA40-44E0-8BA7-7373FC169452}.Release|Any CPU.ActiveCfg = Release|Any CPU
		{4F2F47F7-CA40-44E0-8BA7-7373FC169452}.Release|Any CPU.Build.0 = Release|Any CPU
	EndGlobalSection
EndGlobal
